
Microsoft Visual Studio Solution File, Format Version 12.00
# Visual Studio 15
Project("{FAE04EC0-301F-11D3-BF4B-00C04F79EFBC}") = "Assembly-CSharp", "Assembly-CSharp.csproj", "{20F8D6E7-A3C6-545B-0C3F-5AB9E0F7AB67}"
EndProject
Global
	GlobalSection(SolutionConfigurationPlatforms) = preSolution
		Debug|Any CPU = Debug|Any CPU
		Release|Any CPU = Release|Any CPU
	EndGlobalSection
	GlobalSection(ProjectConfigurationPlatforms) = postSolution
		{20F8D6E7-A3C6-545B-0C3F-5AB9E0F7AB67}.Debug|Any CPU.ActiveCfg = Debug|Any CPU
		{20F8D6E7-A3C6-545B-0C3F-5AB9E0F7AB67}.Debug|Any CPU.Build.0 = Debug|Any CPU
		{20F8D6E7-A3C6-545B-0C3F-5AB9E0F7AB67}.Release|Any CPU.ActiveCfg = Release|Any CPU
		{20F8D6E7-A3C6-545B-0C3F-5AB9E0F7AB67}.Release|Any CPU.Build.0 = Release|Any CPU
	EndGlobalSection
	GlobalSection(SolutionProperties) = preSolution
		HideSolutionNode = FALSE
	EndGlobalSection
EndGlobal
